
Microsoft Visual Studio Solution File, Format Version 12.00
# Visual Studio Version 17
VisualStudioVersion = 17.0.31903.59
MinimumVisualStudioVersion = 10.0.40219.1
Project("{FAE04EC0-301F-11D3-BF4B-00C04F79EFBC}") = "API", "API\API.csproj", "{DEA8887C-C000-44D7-BC3C-689541780411}"
EndProject
Project("{FAE04EC0-301F-11D3-BF4B-00C04F79EFBC}") = "Domain", "Domain\Domain.csproj", "{5246540E-F693-41F3-9971-684B99D223F6}"
EndProject
Project("{FAE04EC0-301F-11D3-BF4B-00C04F79EFBC}") = "Aplication", "Aplication\Aplication.csproj", "{4EE6ADE2-992D-4DFA-84BB-D84E711677A5}"
EndProject
Project("{FAE04EC0-301F-11D3-BF4B-00C04F79EFBC}") = "Persistence", "Persistence\Persistence.csproj", "{C0BC8EF1-6E57-42F2-9A6A-3C90A212E66A}"
EndProject
Global
	GlobalSection(SolutionConfigurationPlatforms) = preSolution
		Debug|Any CPU = Debug|Any CPU
		Release|Any CPU = Release|Any CPU
	EndGlobalSection
	GlobalSection(SolutionProperties) = preSolution
		HideSolutionNode = FALSE
	EndGlobalSection
	GlobalSection(ProjectConfigurationPlatforms) = postSolution
		{DEA8887C-C000-44D7-BC3C-689541780411}.Debug|Any CPU.ActiveCfg = Debug|Any CPU
		{DEA8887C-C000-44D7-BC3C-689541780411}.Debug|Any CPU.Build.0 = Debug|Any CPU
		{DEA8887C-C000-44D7-BC3C-689541780411}.Release|Any CPU.ActiveCfg = Release|Any CPU
		{DEA8887C-C000-44D7-BC3C-689541780411}.Release|Any CPU.Build.0 = Release|Any CPU
		{5246540E-F693-41F3-9971-684B99D223F6}.Debug|Any CPU.ActiveCfg = Debug|Any CPU
		{5246540E-F693-41F3-9971-684B99D223F6}.Debug|Any CPU.Build.0 = Debug|Any CPU
		{5246540E-F693-41F3-9971-684B99D223F6}.Release|Any CPU.ActiveCfg = Release|Any CPU
		{5246540E-F693-41F3-9971-684B99D223F6}.Release|Any CPU.Build.0 = Release|Any CPU
		{4EE6ADE2-992D-4DFA-84BB-D84E711677A5}.Debug|Any CPU.ActiveCfg = Debug|Any CPU
		{4EE6ADE2-992D-4DFA-84BB-D84E711677A5}.Debug|Any CPU.Build.0 = Debug|Any CPU
		{4EE6ADE2-992D-4DFA-84BB-D84E711677A5}.Release|Any CPU.ActiveCfg = Release|Any CPU
		{4EE6ADE2-992D-4DFA-84BB-D84E711677A5}.Release|Any CPU.Build.0 = Release|Any CPU
		{C0BC8EF1-6E57-42F2-9A6A-3C90A212E66A}.Debug|Any CPU.ActiveCfg = Debug|Any CPU
		{C0BC8EF1-6E57-42F2-9A6A-3C90A212E66A}.Debug|Any CPU.Build.0 = Debug|Any CPU
		{C0BC8EF1-6E57-42F2-9A6A-3C90A212E66A}.Release|Any CPU.ActiveCfg = Release|Any CPU
		{C0BC8EF1-6E57-42F2-9A6A-3C90A212E66A}.Release|Any CPU.Build.0 = Release|Any CPU
	EndGlobalSection
EndGlobal
